
Microsoft Visual Studio Solution File, Format Version 12.00
# Visual Studio Version 16
VisualStudioVersion = 16.0.29905.134
MinimumVisualStudioVersion = 10.0.40219.1
Project("{FAE04EC0-301F-11D3-BF4B-00C04F79EFBC}") = "LommeregnerSkoleUnervisning", "LommeregnerSkoleUnervisning\LommeregnerSkoleUnervisning.csproj", "{69D7D21C-BB73-4B24-B1E9-8B5FA6FE4E77}"
EndProject
Global
	GlobalSection(SolutionConfigurationPlatforms) = preSolution
		Debug|Any CPU = Debug|Any CPU
		Release|Any CPU = Release|Any CPU
	EndGlobalSection
	GlobalSection(ProjectConfigurationPlatforms) = postSolution
		{69D7D21C-BB73-4B24-B1E9-8B5FA6FE4E77}.Debug|Any CPU.ActiveCfg = Debug|Any CPU
		{69D7D21C-BB73-4B24-B1E9-8B5FA6FE4E77}.Debug|Any CPU.Build.0 = Debug|Any CPU
		{69D7D21C-BB73-4B24-B1E9-8B5FA6FE4E77}.Release|Any CPU.ActiveCfg = Release|Any CPU
		{69D7D21C-BB73-4B24-B1E9-8B5FA6FE4E77}.Release|Any CPU.Build.0 = Release|Any CPU
	EndGlobalSection
	GlobalSection(SolutionProperties) = preSolution
		HideSolutionNode = FALSE
	EndGlobalSection
	GlobalSection(ExtensibilityGlobals) = postSolution
		SolutionGuid = {F4A14C2A-667B-4ADB-A63C-65AC63B158C6}
	EndGlobalSection
EndGlobal
